{
    "_meta": {
        "hash": {
            "sha256": "ecb9519534f767c4b2f7e6569afdb5b6fd488a2ebeb2dc2d1f4a9fad533099fe"
        },
        "pipfile-spec": 6,
        "requires": {
            "python_version": "3.9"
        },
        "sources": [
            {
                "name": "pypi",
                "url": "https://pypi.org/simple",
                "verify_ssl": true
            }
        ]
    },
    "default": {
        "fuzzingbook": {
            "hashes": [
                "sha256:3f44a5305f45faa98ca4c01dfe3c7a32e40df96ed7318253911d7edca2fce985"
            ],
            "index": "pypi",
            "version": "==0.8.1"
        },
        "grammargraph": {
            "hashes": [
                "sha256:4acf3a1740c9590df5f85e78a62854f70db7a7078c9b3479c1668421636f1222",
                "sha256:b3ce5736aaf207ff17cf3a91f725ca057f6bb90626ff8cb748770434322ed0a2"
            ],
            "path": "./../GrammarGraph/dist/grammargraph-0.0.1.tar.gz",
            "version": "==0.0.1"
        },
        "orderedset": {
            "hashes": [
                "sha256:b2f5ccfb5a86e7b3b3ddf18b29779cc18b24653abf9d6da4bebecf33780a6e29"
            ],
            "index": "pypi",
            "version": "==2.0.3"
        },
        "pydot": {
            "hashes": [
                "sha256:248081a39bcb56784deb018977e428605c1c758f10897a339fce1dd728ff007d",
                "sha256:66c98190c65b8d2e2382a441b4c0edfdb4f4c025ef9cb9874de478fb0793a451"
            ],
            "markers": "python_version >= '2.7' and python_version not in '3.0, 3.1, 3.2, 3.3'",
            "version": "==1.4.2"
        },
        "pyparsing": {
            "hashes": [
                "sha256:c203ec8783bf771a155b207279b9bccb8dea02d8f0c9e5f8ead507bc3246ecc1",
                "sha256:ef9d7589ef3c200abe66653d3f1ab1033c3c419ae9b9bdb1240a85b024efc88b"
            ],
            "markers": "python_version >= '2.6' and python_version not in '3.0, 3.1, 3.2, 3.3'",
            "version": "==2.4.7"
        },
        "z3-solver": {
            "hashes": [
                "sha256:1dd6b459d512a5644b38a0d55c915cdb3269b6d52b36ea14d9b32ce1d1a85d9a",
                "sha256:6fb188b34847a958e82efbe1a7a354675b2929145c6dcb45a1256aaeb9c49414",
                "sha256:a0bbbc1a02b25db3b824ab5e839b2c0b0cc2130da914f3ba09b7b38d05e1827c",
                "sha256:cd022a66524685bdd8b265027bd22f24c35f8db29a4287d005e0005757ffdc21",
                "sha256:dca0a50817d25ebd021ddc55cdebb1bb359f8424266d2384935ded330890893a"
            ],
            "index": "pypi",
            "version": "==4.8.10.0"
        }
    },
    "develop": {}
}
